version = 1
revision = 3
requires-python = ">=3.13"

[[package]]
name = "critically-thomas-experiments"
version = "0.1.0"
source = { virtual = "." }
dependencies = [
    { name = "logging" },
]

[package.metadata]
requires-dist = [{ name = "logging", specifier = ">=0.4.9.6" }]

[[package]]
name = "logging"
version = "0.4.9.6"
source = { registry = "https://pypi.org/simple" }
sdist = { url = "https://files.pythonhosted.org/packages/93/4b/979db9e44be09f71e85c9c8cfc42f258adfb7d93ce01deed2788b2948919/logging-0.4.9.6.tar.gz", hash = "sha256:26f6b50773f085042d301085bd1bf5d9f3735704db9f37c1ce6d8b85c38f2417", size = 96029, upload-time = "2013-06-04T23:43:22.086Z" }
